
Microsoft Visual Studio Solution File, Format Version 12.00
# Visual Studio Version 17
VisualStudioVersion = 17.11.35219.272
MinimumVisualStudioVersion = 10.0.40219.1
Project("{9A19103F-16F7-4668-BE54-9A1E7A4F7556}") = "FinShark", "FinShark.csproj", "{016D613E-3390-4AD2-ADA4-FAB39F540968}"
EndProject
Project("{2150E333-8FDC-42A3-9474-1A3956D46DE8}") = "api", "api", "{F06B0347-BD39-4FE5-B1B9-0CD0621D0E78}"
EndProject
Global
	GlobalSection(SolutionConfigurationPlatforms) = preSolution
		Debug|Any CPU = Debug|Any CPU
		Release|Any CPU = Release|Any CPU
	EndGlobalSection
	GlobalSection(ProjectConfigurationPlatforms) = postSolution
		{016D613E-3390-4AD2-ADA4-FAB39F540968}.Debug|Any CPU.ActiveCfg = Debug|Any CPU
		{016D613E-3390-4AD2-ADA4-FAB39F540968}.Debug|Any CPU.Build.0 = Debug|Any CPU
		{016D613E-3390-4AD2-ADA4-FAB39F540968}.Release|Any CPU.ActiveCfg = Release|Any CPU
		{016D613E-3390-4AD2-ADA4-FAB39F540968}.Release|Any CPU.Build.0 = Release|Any CPU
	EndGlobalSection
	GlobalSection(SolutionProperties) = preSolution
		HideSolutionNode = FALSE
	EndGlobalSection
	GlobalSection(NestedProjects) = preSolution
		{016D613E-3390-4AD2-ADA4-FAB39F540968} = {F06B0347-BD39-4FE5-B1B9-0CD0621D0E78}
	EndGlobalSection
	GlobalSection(ExtensibilityGlobals) = postSolution
		SolutionGuid = {B84A2499-9A97-4B95-9BBA-5B4CD5022B78}
	EndGlobalSection
EndGlobal
